
Microsoft Visual Studio Solution File, Format Version 12.00
# Visual Studio Version 16
VisualStudioVersion = 16.0.30717.126
MinimumVisualStudioVersion = 10.0.40219.1
Project("{FAE04EC0-301F-11D3-BF4B-00C04F79EFBC}") = "CourseMVC", "CourseMVC\CourseMVC.csproj", "{4D45E016-CB5F-475B-A870-FEF10AF3247D}"
EndProject
Global
	GlobalSection(SolutionConfigurationPlatforms) = preSolution
		Debug|Any CPU = Debug|Any CPU
		Release|Any CPU = Release|Any CPU
	EndGlobalSection
	GlobalSection(ProjectConfigurationPlatforms) = postSolution
		{4D45E016-CB5F-475B-A870-FEF10AF3247D}.Debug|Any CPU.ActiveCfg = Debug|Any CPU
		{4D45E016-CB5F-475B-A870-FEF10AF3247D}.Debug|Any CPU.Build.0 = Debug|Any CPU
		{4D45E016-CB5F-475B-A870-FEF10AF3247D}.Release|Any CPU.ActiveCfg = Release|Any CPU
		{4D45E016-CB5F-475B-A870-FEF10AF3247D}.Release|Any CPU.Build.0 = Release|Any CPU
	EndGlobalSection
	GlobalSection(SolutionProperties) = preSolution
		HideSolutionNode = FALSE
	EndGlobalSection
	GlobalSection(ExtensibilityGlobals) = postSolution
		SolutionGuid = {B678389F-F8F1-4D06-9923-8DC8515DDA06}
	EndGlobalSection
EndGlobal
